{
  "nodes": {
    "brew-src": {
      "flake": false,
      "locked": {
        "lastModified": 1769363988,
        "narHash": "sha256-BiGPeulrDVetXP+tjxhMcGLUROZAtZIhU5m4MqawCfM=",
        "owner": "Homebrew",
        "repo": "brew",
        "rev": "d01011cac6d72032c75fd2cd9489909e95d9faf2",
        "type": "github"
      },
      "original": {
        "owner": "Homebrew",
        "ref": "5.0.12",
        "repo": "brew",
        "type": "github"
      }
    },
    "home-manager": {
      "inputs": {
        "nixpkgs": [
          "nixpkgs"
        ]
      },
      "locked": {
        "lastModified": 1774135471,
        "narHash": "sha256-TVeIGOxnfSPM6JvkRkXHpJECnj1OG2dXkWMSA4elzzQ=",
        "owner": "nix-community",
        "repo": "home-manager",
        "rev": "856b01ebd1de3f53c3929ce8082d9d67d799d816",
        "type": "github"
      },
      "original": {
        "owner": "nix-community",
        "ref": "master",
        "repo": "home-manager",
        "type": "github"
      }
    },
    "homebrew": {
      "inputs": {
        "brew-src": "brew-src"
      },
      "locked": {
        "lastModified": 1769437432,
        "narHash": "sha256-8d7KnCpT2LweRvSzZYEGd9IM3eFX+A78opcnDM0+ndk=",
        "owner": "zhaofengli",
        "repo": "nix-homebrew",
        "rev": "a5409abd0d5013d79775d3419bcac10eacb9d8c5",
        "type": "github"
      },
      "original": {
        "owner": "zhaofengli",
        "repo": "nix-homebrew",
        "type": "github"
      }
    },
    "homebrew-cask": {
      "flake": false,
      "locked": {
        "lastModified": 1774187523,
        "narHash": "sha256-5iXYKzwCsfofny4C5zkWiJ54ZBdTZD+D87JoYFJKkcI=",
        "owner": "homebrew",
        "repo": "homebrew-cask",
        "rev": "5a18eae339bd464c17c9c784f46e696313f93276",
        "type": "github"
      },
      "original": {
        "owner": "homebrew",
        "repo": "homebrew-cask",
        "type": "github"
      }
    },
    "homebrew-core": {
      "flake": false,
      "locked": {
        "lastModified": 1774186493,
        "narHash": "sha256-Ma6WX7nkA6tR9aa9AH+Hs+4vWFAJIw/mh8xZ+bykHEc=",
        "owner": "homebrew",
        "repo": "homebrew-core",
        "rev": "b368c1d1e04b8dd4001c6a3c0c05bfe9981d6957",
        "type": "github"
      },
      "original": {
        "owner": "homebrew",
        "repo": "homebrew-core",
        "type": "github"
      }
    },
    "homebrew-opencode": {
      "flake": false,
      "locked": {
        "lastModified": 1773946268,
        "narHash": "sha256-ov/6or8l3v3SGZrDA6K8xn2T5plRP4CxkDiki3tQ8ig=",
        "owner": "anomalyco",
        "repo": "homebrew-tap",
        "rev": "496dc02ad8771e088d1eab1a859258fc54027bf8",
        "type": "github"
      },
      "original": {
        "owner": "anomalyco",
        "repo": "homebrew-tap",
        "type": "github"
      }
    },
    "homebrew-sikarugir": {
      "flake": false,
      "locked": {
        "lastModified": 1772070017,
        "narHash": "sha256-r/DObHJUnCY1D1PJNfOZT62YVO5zjjlRRjVglE2Ck8U=",
        "owner": "Sikarugir-App",
        "repo": "homebrew-sikarugir",
        "rev": "3052b49524786819357fbb863420f6b484bf32e8",
        "type": "github"
      },
      "original": {
        "owner": "Sikarugir-App",
        "repo": "homebrew-sikarugir",
        "type": "github"
      }
    },
    "nix-darwin": {
      "inputs": {
        "nixpkgs": [
          "nixpkgs"
        ]
      },
      "locked": {
        "lastModified": 1773000227,
        "narHash": "sha256-zm3ftUQw0MPumYi91HovoGhgyZBlM4o3Zy0LhPNwzXE=",
        "owner": "nix-darwin",
        "repo": "nix-darwin",
        "rev": "da529ac9e46f25ed5616fd634079a5f3c579135f",
        "type": "github"
      },
      "original": {
        "owner": "nix-darwin",
        "ref": "master",
        "repo": "nix-darwin",
        "type": "github"
      }
    },
    "nix-vscode-extensions": {
      "inputs": {
        "nixpkgs": [
          "nixpkgs"
        ]
      },
      "locked": {
        "lastModified": 1774147947,
        "narHash": "sha256-w7L7USsISBwXI/rSTEirueiaEA69R/uoG3P/UgWPuuc=",
        "owner": "nix-community",
        "repo": "nix-vscode-extensions",
        "rev": "0e2ab92bfd1550a0d1aadd98596d96e570ef8dd8",
        "type": "github"
      },
      "original": {
        "owner": "nix-community",
        "repo": "nix-vscode-extensions",
        "type": "github"
      }
    },
    "nixpkgs": {
      "locked": {
        "lastModified": 1773840656,
        "narHash": "sha256-9tpvMGFteZnd3gRQZFlRCohVpqooygFuy9yjuyRL2C0=",
        "owner": "NixOS",
        "repo": "nixpkgs",
        "rev": "9cf7092bdd603554bd8b63c216e8943cf9b12512",
        "type": "github"
      },
      "original": {
        "owner": "NixOS",
        "ref": "nixpkgs-unstable",
        "repo": "nixpkgs",
        "type": "github"
      }
    },
    "root": {
      "inputs": {
        "home-manager": "home-manager",
        "homebrew": "homebrew",
        "homebrew-cask": "homebrew-cask",
        "homebrew-core": "homebrew-core",
        "homebrew-opencode": "homebrew-opencode",
        "homebrew-sikarugir": "homebrew-sikarugir",
        "nix-darwin": "nix-darwin",
        "nix-vscode-extensions": "nix-vscode-extensions",
        "nixpkgs": "nixpkgs"
      }
    }
  },
  "root": "root",
  "version": 7
}
